// !$*UTF8*$!
{
	archiveVersion = 1;
	classes = {
	};
	objectVersion = 55;
	objects = {

/* Begin PBXBuildFile section */
		8E105C26293D875700A9B4E2 /* SignupViewControllerTests.swift in Sources */ = {isa = PBXBuildFile; fileRef = 8E105C25293D875700A9B4E2 /* SignupViewControllerTests.swift */; };
		8E105C28293D88A500A9B4E2 /* SignupViewController.swift in Sources */ = {isa = PBXBuildFile; fileRef = 8E105C27293D88A500A9B4E2 /* SignupViewController.swift */; };
		8E105C2A293D931000A9B4E2 /* MockSignupPressenter.swift in Sources */ = {isa = PBXBuildFile; fileRef = 8E105C29293D931000A9B4E2 /* MockSignupPressenter.swift */; };
		8E105C2C293D93C400A9B4E2 /* SignupPresenterProtocol.swift in Sources */ = {isa = PBXBuildFile; fileRef = 8E105C2B293D93C400A9B4E2 /* SignupPresenterProtocol.swift */; };
		8E105C2F293DC7F800A9B4E2 /* LoginViewController.xib in Resources */ = {isa = PBXBuildFile; fileRef = 8E105C2D293DC7F800A9B4E2 /* LoginViewController.xib */; };
		8E105C30293DC7F800A9B4E2 /* LoginViewController.swift in Sources */ = {isa = PBXBuildFile; fileRef = 8E105C2E293DC7F800A9B4E2 /* LoginViewController.swift */; };
		8E105C32293DC82D00A9B4E2 /* LoginViewControllerTests.swift in Sources */ = {isa = PBXBuildFile; fileRef = 8E105C31293DC82D00A9B4E2 /* LoginViewControllerTests.swift */; };
		8E369C6E2940636700C5F9E8 /* Localizable.strings in Resources */ = {isa = PBXBuildFile; fileRef = 8E369C702940636700C5F9E8 /* Localizable.strings */; };
		8E3DCB87293ED52900C81D7C /* HomePageViewController.swift in Sources */ = {isa = PBXBuildFile; fileRef = 8E3DCB86293ED52900C81D7C /* HomePageViewController.swift */; };
		8E4EFE0A2938BE8700E62A96 /* SignupFormModelValidatorTests.swift in Sources */ = {isa = PBXBuildFile; fileRef = 8E4EFE092938BE8700E62A96 /* SignupFormModelValidatorTests.swift */; };
		8E4EFE0C2938BF6900E62A96 /* SignupFormModelValidator.swift in Sources */ = {isa = PBXBuildFile; fileRef = 8E4EFE0B2938BF6900E62A96 /* SignupFormModelValidator.swift */; };
		8E4EFE0E2938C50200E62A96 /* SignupConstants.swift in Sources */ = {isa = PBXBuildFile; fileRef = 8E4EFE0D2938C50200E62A96 /* SignupConstants.swift */; };
		8E5FA9C82939CFB700A11F2C /* SingupWebServiceTests.swift in Sources */ = {isa = PBXBuildFile; fileRef = 8E5FA9C72939CFB700A11F2C /* SingupWebServiceTests.swift */; };
		8E5FA9CA2939D02200A11F2C /* SignupWebService.swift in Sources */ = {isa = PBXBuildFile; fileRef = 8E5FA9C92939D02200A11F2C /* SignupWebService.swift */; };
		8E5FA9CC2939D0CA00A11F2C /* SignupFormRequestModel.swift in Sources */ = {isa = PBXBuildFile; fileRef = 8E5FA9CB2939D0CA00A11F2C /* SignupFormRequestModel.swift */; };
		8E5FA9CE2939D25900A11F2C /* SignupResponseModel.swift in Sources */ = {isa = PBXBuildFile; fileRef = 8E5FA9CD2939D25900A11F2C /* SignupResponseModel.swift */; };
		8E5FA9D02939D2BD00A11F2C /* SignupError.swift in Sources */ = {isa = PBXBuildFile; fileRef = 8E5FA9CF2939D2BD00A11F2C /* SignupError.swift */; };
		8E64462929372FAA00479C43 /* AppDelegate.swift in Sources */ = {isa = PBXBuildFile; fileRef = 8E64462829372FAA00479C43 /* AppDelegate.swift */; };
		8E64462B29372FAA00479C43 /* SceneDelegate.swift in Sources */ = {isa = PBXBuildFile; fileRef = 8E64462A29372FAA00479C43 /* SceneDelegate.swift */; };
		8E64463029372FAA00479C43 /* Main.storyboard in Resources */ = {isa = PBXBuildFile; fileRef = 8E64462E29372FAA00479C43 /* Main.storyboard */; };
		8E64463229372FB400479C43 /* Assets.xcassets in Resources */ = {isa = PBXBuildFile; fileRef = 8E64463129372FB400479C43 /* Assets.xcassets */; };
		8E64463529372FB400479C43 /* LaunchScreen.storyboard in Resources */ = {isa = PBXBuildFile; fileRef = 8E64463329372FB400479C43 /* LaunchScreen.storyboard */; };
		8E64464A29372FB500479C43 /* SignupFlowUITests.swift in Sources */ = {isa = PBXBuildFile; fileRef = 8E64464929372FB500479C43 /* SignupFlowUITests.swift */; };
		8E8D16F2293C3C530085F61B /* SignupPresenterTests.swift in Sources */ = {isa = PBXBuildFile; fileRef = 8E8D16F1293C3C530085F61B /* SignupPresenterTests.swift */; };
		8E8D16F4293C3CD00085F61B /* SignupFormModel.swift in Sources */ = {isa = PBXBuildFile; fileRef = 8E8D16F3293C3CD00085F61B /* SignupFormModel.swift */; };
		8E8D16F6293C3D5F0085F61B /* SignupPresenter.swift in Sources */ = {isa = PBXBuildFile; fileRef = 8E8D16F5293C3D5F0085F61B /* SignupPresenter.swift */; };
		8E8D16F8293C3E4B0085F61B /* MockSignupModelValidator.swift in Sources */ = {isa = PBXBuildFile; fileRef = 8E8D16F7293C3E4B0085F61B /* MockSignupModelValidator.swift */; };
		8E8D16FA293C3EF60085F61B /* SignupModelValidatorProtocol.swift in Sources */ = {isa = PBXBuildFile; fileRef = 8E8D16F9293C3EF60085F61B /* SignupModelValidatorProtocol.swift */; };
		8E8D1700293C74BE0085F61B /* MockSignupWebService.swift in Sources */ = {isa = PBXBuildFile; fileRef = 8E8D16FF293C74BE0085F61B /* MockSignupWebService.swift */; };
		8E8D1702293C75950085F61B /* SignupWebServiceProtocol.swift in Sources */ = {isa = PBXBuildFile; fileRef = 8E8D1701293C75950085F61B /* SignupWebServiceProtocol.swift */; };
		8E8D1704293C7BB20085F61B /* MockSignupViewDelegate.swift in Sources */ = {isa = PBXBuildFile; fileRef = 8E8D1703293C7BB20085F61B /* MockSignupViewDelegate.swift */; };
		8E8D1706293C7C320085F61B /* SignupViewDelegateProtocol.swift in Sources */ = {isa = PBXBuildFile; fileRef = 8E8D1705293C7C320085F61B /* SignupViewDelegateProtocol.swift */; };
		8EB5672429407D1400FB2216 /* Localizable.strings in Resources */ = {isa = PBXBuildFile; fileRef = 8E369C702940636700C5F9E8 /* Localizable.strings */; };
		8EB5672529407D1900FB2216 /* Localizable.strings in Resources */ = {isa = PBXBuildFile; fileRef = 8E369C702940636700C5F9E8 /* Localizable.strings */; };
		8EB5672829407EE800FB2216 /* String+Extension.swift in Sources */ = {isa = PBXBuildFile; fileRef = 8EB5672729407EE800FB2216 /* String+Extension.swift */; };
		8EC4DAFC293AE56E001D5C74 /* MockURLProtocol.swift in Sources */ = {isa = PBXBuildFile; fileRef = 8EC4DAFB293AE56E001D5C74 /* MockURLProtocol.swift */; };
/* End PBXBuildFile section */

/* Begin PBXContainerItemProxy section */
		8E64463C29372FB400479C43 /* PBXContainerItemProxy */ = {
			isa = PBXContainerItemProxy;
			containerPortal = 8E64461D29372FAA00479C43 /* Project object */;
			proxyType = 1;
			remoteGlobalIDString = 8E64462429372FAA00479C43;
			remoteInfo = PhotoApp;
		};
		8E64464629372FB500479C43 /* PBXContainerItemProxy */ = {
			isa = PBXContainerItemProxy;
			containerPortal = 8E64461D29372FAA00479C43 /* Project object */;
			proxyType = 1;
			remoteGlobalIDString = 8E64462429372FAA00479C43;
			remoteInfo = PhotoApp;
		};
/* End PBXContainerItemProxy section */

/* Begin PBXFileReference section */
		8E105C25293D875700A9B4E2 /* SignupViewControllerTests.swift */ = {isa = PBXFileReference; lastKnownFileType = sourcecode.swift; path = SignupViewControllerTests.swift; sourceTree = "<group>"; };
		8E105C27293D88A500A9B4E2 /* SignupViewController.swift */ = {isa = PBXFileReference; lastKnownFileType = sourcecode.swift; path = SignupViewController.swift; sourceTree = "<group>"; };
		8E105C29293D931000A9B4E2 /* MockSignupPressenter.swift */ = {isa = PBXFileReference; lastKnownFileType = sourcecode.swift; path = MockSignupPressenter.swift; sourceTree = "<group>"; };
		8E105C2B293D93C400A9B4E2 /* SignupPresenterProtocol.swift */ = {isa = PBXFileReference; lastKnownFileType = sourcecode.swift; path = SignupPresenterProtocol.swift; sourceTree = "<group>"; };
		8E105C2D293DC7F800A9B4E2 /* LoginViewController.xib */ = {isa = PBXFileReference; lastKnownFileType = file.xib; path = LoginViewController.xib; sourceTree = "<group>"; };
		8E105C2E293DC7F800A9B4E2 /* LoginViewController.swift */ = {isa = PBXFileReference; lastKnownFileType = sourcecode.swift; path = LoginViewController.swift; sourceTree = "<group>"; };
		8E105C31293DC82D00A9B4E2 /* LoginViewControllerTests.swift */ = {isa = PBXFileReference; lastKnownFileType = sourcecode.swift; path = LoginViewControllerTests.swift; sourceTree = "<group>"; };
		8E369C66294022F300C5F9E8 /* PhotoApp-UITestsPlan.xctestplan */ = {isa = PBXFileReference; lastKnownFileType = text; path = "PhotoApp-UITestsPlan.xctestplan"; sourceTree = "<group>"; };
		8E369C6829405EE100C5F9E8 /* PhotoApp-UnitTestsPlan.xctestplan */ = {isa = PBXFileReference; lastKnownFileType = text; path = "PhotoApp-UnitTestsPlan.xctestplan"; sourceTree = "<group>"; };
		8E369C6929405F9100C5F9E8 /* PhotoApp-MainTestPlan.xctestplan */ = {isa = PBXFileReference; lastKnownFileType = text; path = "PhotoApp-MainTestPlan.xctestplan"; sourceTree = "<group>"; };
		8E369C6F2940636700C5F9E8 /* en */ = {isa = PBXFileReference; lastKnownFileType = text.plist.strings; name = en; path = en.lproj/Localizable.strings; sourceTree = "<group>"; };
		8E369C732940644200C5F9E8 /* zh-Hant */ = {isa = PBXFileReference; lastKnownFileType = text.plist.strings; name = "zh-Hant"; path = "zh-Hant.lproj/Localizable.strings"; sourceTree = "<group>"; };
		8E369C772940722600C5F9E8 /* en */ = {isa = PBXFileReference; lastKnownFileType = text.plist.strings; name = en; path = en.lproj/Main.strings; sourceTree = "<group>"; };
		8E369C782940722A00C5F9E8 /* zh-Hant */ = {isa = PBXFileReference; lastKnownFileType = text.plist.strings; name = "zh-Hant"; path = "zh-Hant.lproj/Main.strings"; sourceTree = "<group>"; };
		8E3DCB86293ED52900C81D7C /* HomePageViewController.swift */ = {isa = PBXFileReference; lastKnownFileType = sourcecode.swift; path = HomePageViewController.swift; sourceTree = "<group>"; };
		8E4EFE092938BE8700E62A96 /* SignupFormModelValidatorTests.swift */ = {isa = PBXFileReference; lastKnownFileType = sourcecode.swift; path = SignupFormModelValidatorTests.swift; sourceTree = "<group>"; };
		8E4EFE0B2938BF6900E62A96 /* SignupFormModelValidator.swift */ = {isa = PBXFileReference; lastKnownFileType = sourcecode.swift; path = SignupFormModelValidator.swift; sourceTree = "<group>"; };
		8E4EFE0D2938C50200E62A96 /* SignupConstants.swift */ = {isa = PBXFileReference; lastKnownFileType = sourcecode.swift; path = SignupConstants.swift; sourceTree = "<group>"; };
		8E5FA9C72939CFB700A11F2C /* SingupWebServiceTests.swift */ = {isa = PBXFileReference; lastKnownFileType = sourcecode.swift; path = SingupWebServiceTests.swift; sourceTree = "<group>"; };
		8E5FA9C92939D02200A11F2C /* SignupWebService.swift */ = {isa = PBXFileReference; lastKnownFileType = sourcecode.swift; path = SignupWebService.swift; sourceTree = "<group>"; };
		8E5FA9CB2939D0CA00A11F2C /* SignupFormRequestModel.swift */ = {isa = PBXFileReference; lastKnownFileType = sourcecode.swift; path = SignupFormRequestModel.swift; sourceTree = "<group>"; };
		8E5FA9CD2939D25900A11F2C /* SignupResponseModel.swift */ = {isa = PBXFileReference; lastKnownFileType = sourcecode.swift; path = SignupResponseModel.swift; sourceTree = "<group>"; };
		8E5FA9CF2939D2BD00A11F2C /* SignupError.swift */ = {isa = PBXFileReference; lastKnownFileType = sourcecode.swift; path = SignupError.swift; sourceTree = "<group>"; };
		8E64462529372FAA00479C43 /* PhotoApp.app */ = {isa = PBXFileReference; explicitFileType = wrapper.application; includeInIndex = 0; path = PhotoApp.app; sourceTree = BUILT_PRODUCTS_DIR; };
		8E64462829372FAA00479C43 /* AppDelegate.swift */ = {isa = PBXFileReference; lastKnownFileType = sourcecode.swift; path = AppDelegate.swift; sourceTree = "<group>"; };
		8E64462A29372FAA00479C43 /* SceneDelegate.swift */ = {isa = PBXFileReference; lastKnownFileType = sourcecode.swift; path = SceneDelegate.swift; sourceTree = "<group>"; };
		8E64462F29372FAA00479C43 /* Base */ = {isa = PBXFileReference; lastKnownFileType = file.storyboard; name = Base; path = Base.lproj/Main.storyboard; sourceTree = "<group>"; };
		8E64463129372FB400479C43 /* Assets.xcassets */ = {isa = PBXFileReference; lastKnownFileType = folder.assetcatalog; path = Assets.xcassets; sourceTree = "<group>"; };
		8E64463429372FB400479C43 /* Base */ = {isa = PBXFileReference; lastKnownFileType = file.storyboard; name = Base; path = Base.lproj/LaunchScreen.storyboard; sourceTree = "<group>"; };
		8E64463629372FB400479C43 /* Info.plist */ = {isa = PBXFileReference; lastKnownFileType = text.plist.xml; path = Info.plist; sourceTree = "<group>"; };
		8E64463B29372FB400479C43 /* PhotoAppTests.xctest */ = {isa = PBXFileReference; explicitFileType = wrapper.cfbundle; includeInIndex = 0; path = PhotoAppTests.xctest; sourceTree = BUILT_PRODUCTS_DIR; };
		8E64464529372FB500479C43 /* PhotoAppUITests.xctest */ = {isa = PBXFileReference; explicitFileType = wrapper.cfbundle; includeInIndex = 0; path = PhotoAppUITests.xctest; sourceTree = BUILT_PRODUCTS_DIR; };
		8E64464929372FB500479C43 /* SignupFlowUITests.swift */ = {isa = PBXFileReference; lastKnownFileType = sourcecode.swift; path = SignupFlowUITests.swift; sourceTree = "<group>"; };
		8E8D16F1293C3C530085F61B /* SignupPresenterTests.swift */ = {isa = PBXFileReference; lastKnownFileType = sourcecode.swift; path = SignupPresenterTests.swift; sourceTree = "<group>"; };
		8E8D16F3293C3CD00085F61B /* SignupFormModel.swift */ = {isa = PBXFileReference; lastKnownFileType = sourcecode.swift; path = SignupFormModel.swift; sourceTree = "<group>"; };
		8E8D16F5293C3D5F0085F61B /* SignupPresenter.swift */ = {isa = PBXFileReference; lastKnownFileType = sourcecode.swift; path = SignupPresenter.swift; sourceTree = "<group>"; };
		8E8D16F7293C3E4B0085F61B /* MockSignupModelValidator.swift */ = {isa = PBXFileReference; lastKnownFileType = sourcecode.swift; path = MockSignupModelValidator.swift; sourceTree = "<group>"; };
		8E8D16F9293C3EF60085F61B /* SignupModelValidatorProtocol.swift */ = {isa = PBXFileReference; lastKnownFileType = sourcecode.swift; path = SignupModelValidatorProtocol.swift; sourceTree = "<group>"; };
		8E8D16FF293C74BE0085F61B /* MockSignupWebService.swift */ = {isa = PBXFileReference; lastKnownFileType = sourcecode.swift; path = MockSignupWebService.swift; sourceTree = "<group>"; };
		8E8D1701293C75950085F61B /* SignupWebServiceProtocol.swift */ = {isa = PBXFileReference; lastKnownFileType = sourcecode.swift; path = SignupWebServiceProtocol.swift; sourceTree = "<group>"; };
		8E8D1703293C7BB20085F61B /* MockSignupViewDelegate.swift */ = {isa = PBXFileReference; lastKnownFileType = sourcecode.swift; path = MockSignupViewDelegate.swift; sourceTree = "<group>"; };
		8E8D1705293C7C320085F61B /* SignupViewDelegateProtocol.swift */ = {isa = PBXFileReference; lastKnownFileType = sourcecode.swift; path = SignupViewDelegateProtocol.swift; sourceTree = "<group>"; };
		8EB5672729407EE800FB2216 /* String+Extension.swift */ = {isa = PBXFileReference; lastKnownFileType = sourcecode.swift; path = "String+Extension.swift"; sourceTree = "<group>"; };
		8EC4DAFB293AE56E001D5C74 /* MockURLProtocol.swift */ = {isa = PBXFileReference; lastKnownFileType = sourcecode.swift; path = MockURLProtocol.swift; sourceTree = "<group>"; };
/* End PBXFileReference section */

/* Begin PBXFrameworksBuildPhase section */
		8E64462229372FAA00479C43 /* Frameworks */ = {
			isa = PBXFrameworksBuildPhase;
			buildActionMask = 2147483647;
			files = (
			);
			runOnlyForDeploymentPostprocessing = 0;
		};
		8E64463829372FB400479C43 /* Frameworks */ = {
			isa = PBXFrameworksBuildPhase;
			buildActionMask = 2147483647;
			files = (
			);
			runOnlyForDeploymentPostprocessing = 0;
		};
		8E64464229372FB500479C43 /* Frameworks */ = {
			isa = PBXFrameworksBuildPhase;
			buildActionMask = 2147483647;
			files = (
			);
			runOnlyForDeploymentPostprocessing = 0;
		};
/* End PBXFrameworksBuildPhase section */

/* Begin PBXGroup section */
		8E105C22293D871500A9B4E2 /* Controllers */ = {
			isa = PBXGroup;
			children = (
				8E105C25293D875700A9B4E2 /* SignupViewControllerTests.swift */,
			);
			path = Controllers;
			sourceTree = "<group>";
		};
		8E5FA9D12939D31B00A11F2C /* Signup */ = {
			isa = PBXGroup;
			children = (
				8E8D16FC293C734E0085F61B /* Protocols */,
				8E8D16FB293C733D0085F61B /* Presenters */,
				8E5FA9D42939D39800A11F2C /* Network */,
				8E5FA9D32939D36600A11F2C /* Controllers */,
				8E5FA9D22939D32500A11F2C /* Models */,
			);
			path = Signup;
			sourceTree = "<group>";
		};
		8E5FA9D22939D32500A11F2C /* Models */ = {
			isa = PBXGroup;
			children = (
				8E4EFE0D2938C50200E62A96 /* SignupConstants.swift */,
				8E4EFE0B2938BF6900E62A96 /* SignupFormModelValidator.swift */,
				8E5FA9CB2939D0CA00A11F2C /* SignupFormRequestModel.swift */,
				8E5FA9CD2939D25900A11F2C /* SignupResponseModel.swift */,
				8E5FA9CF2939D2BD00A11F2C /* SignupError.swift */,
				8E8D16F3293C3CD00085F61B /* SignupFormModel.swift */,
			);
			path = Models;
			sourceTree = "<group>";
		};
		8E5FA9D32939D36600A11F2C /* Controllers */ = {
			isa = PBXGroup;
			children = (
				8E105C27293D88A500A9B4E2 /* SignupViewController.swift */,
			);
			path = Controllers;
			sourceTree = "<group>";
		};
		8E5FA9D42939D39800A11F2C /* Network */ = {
			isa = PBXGroup;
			children = (
				8E5FA9C92939D02200A11F2C /* SignupWebService.swift */,
			);
			path = Network;
			sourceTree = "<group>";
		};
		8E5FA9D52939D3B700A11F2C /* Signup */ = {
			isa = PBXGroup;
			children = (
				8E105C22293D871500A9B4E2 /* Controllers */,
				8E8D16FE293C739E0085F61B /* Mocks */,
				8E8D16FD293C738C0085F61B /* Presenters */,
				8E5FA9D72939D3C800A11F2C /* Network */,
				8E5FA9D62939D3C100A11F2C /* Models */,
			);
			path = Signup;
			sourceTree = "<group>";
		};
		8E5FA9D62939D3C100A11F2C /* Models */ = {
			isa = PBXGroup;
			children = (
				8E4EFE092938BE8700E62A96 /* SignupFormModelValidatorTests.swift */,
			);
			path = Models;
			sourceTree = "<group>";
		};
		8E5FA9D72939D3C800A11F2C /* Network */ = {
			isa = PBXGroup;
			children = (
				8E5FA9C72939CFB700A11F2C /* SingupWebServiceTests.swift */,
			);
			path = Network;
			sourceTree = "<group>";
		};
		8E64461C29372FAA00479C43 = {
			isa = PBXGroup;
			children = (
				8E369C6929405F9100C5F9E8 /* PhotoApp-MainTestPlan.xctestplan */,
				8E64462729372FAA00479C43 /* PhotoApp */,
				8E64463E29372FB400479C43 /* PhotoAppTests */,
				8E64464829372FB500479C43 /* PhotoAppUITests */,
				8E64462629372FAA00479C43 /* Products */,
			);
			sourceTree = "<group>";
		};
		8E64462629372FAA00479C43 /* Products */ = {
			isa = PBXGroup;
			children = (
				8E64462529372FAA00479C43 /* PhotoApp.app */,
				8E64463B29372FB400479C43 /* PhotoAppTests.xctest */,
				8E64464529372FB500479C43 /* PhotoAppUITests.xctest */,
			);
			name = Products;
			sourceTree = "<group>";
		};
		8E64462729372FAA00479C43 /* PhotoApp */ = {
			isa = PBXGroup;
			children = (
				8EB5672629407EC000FB2216 /* Extensions */,
				8E5FA9D12939D31B00A11F2C /* Signup */,
				8E64462829372FAA00479C43 /* AppDelegate.swift */,
				8E64462A29372FAA00479C43 /* SceneDelegate.swift */,
				8E64462E29372FAA00479C43 /* Main.storyboard */,
				8E64463129372FB400479C43 /* Assets.xcassets */,
				8E64463329372FB400479C43 /* LaunchScreen.storyboard */,
				8E64463629372FB400479C43 /* Info.plist */,
				8E105C2D293DC7F800A9B4E2 /* LoginViewController.xib */,
				8E105C2E293DC7F800A9B4E2 /* LoginViewController.swift */,
				8E3DCB86293ED52900C81D7C /* HomePageViewController.swift */,
				8E369C702940636700C5F9E8 /* Localizable.strings */,
			);
			path = PhotoApp;
			sourceTree = "<group>";
		};
		8E64463E29372FB400479C43 /* PhotoAppTests */ = {
			isa = PBXGroup;
			children = (
				8E5FA9D52939D3B700A11F2C /* Signup */,
				8E105C31293DC82D00A9B4E2 /* LoginViewControllerTests.swift */,
				8E369C6829405EE100C5F9E8 /* PhotoApp-UnitTestsPlan.xctestplan */,
			);
			path = PhotoAppTests;
			sourceTree = "<group>";
		};
		8E64464829372FB500479C43 /* PhotoAppUITests */ = {
			isa = PBXGroup;
			children = (
				8E369C66294022F300C5F9E8 /* PhotoApp-UITestsPlan.xctestplan */,
				8E64464929372FB500479C43 /* SignupFlowUITests.swift */,
			);
			path = PhotoAppUITests;
			sourceTree = "<group>";
		};
		8E8D16FB293C733D0085F61B /* Presenters */ = {
			isa = PBXGroup;
			children = (
				8E8D16F5293C3D5F0085F61B /* SignupPresenter.swift */,
			);
			path = Presenters;
			sourceTree = "<group>";
		};
		8E8D16FC293C734E0085F61B /* Protocols */ = {
			isa = PBXGroup;
			children = (
				8E8D16F9293C3EF60085F61B /* SignupModelValidatorProtocol.swift */,
				8E8D1701293C75950085F61B /* SignupWebServiceProtocol.swift */,
				8E8D1705293C7C320085F61B /* SignupViewDelegateProtocol.swift */,
				8E105C2B293D93C400A9B4E2 /* SignupPresenterProtocol.swift */,
			);
			path = Protocols;
			sourceTree = "<group>";
		};
		8E8D16FD293C738C0085F61B /* Presenters */ = {
			isa = PBXGroup;
			children = (
				8E8D16F1293C3C530085F61B /* SignupPresenterTests.swift */,
			);
			path = Presenters;
			sourceTree = "<group>";
		};
		8E8D16FE293C739E0085F61B /* Mocks */ = {
			isa = PBXGroup;
			children = (
				8EC4DAFB293AE56E001D5C74 /* MockURLProtocol.swift */,
				8E8D16F7293C3E4B0085F61B /* MockSignupModelValidator.swift */,
				8E8D16FF293C74BE0085F61B /* MockSignupWebService.swift */,
				8E8D1703293C7BB20085F61B /* MockSignupViewDelegate.swift */,
				8E105C29293D931000A9B4E2 /* MockSignupPressenter.swift */,
			);
			path = Mocks;
			sourceTree = "<group>";
		};
		8EB5672629407EC000FB2216 /* Extensions */ = {
			isa = PBXGroup;
			children = (
				8EB5672729407EE800FB2216 /* String+Extension.swift */,
			);
			path = Extensions;
			sourceTree = "<group>";
		};
/* End PBXGroup section */

/* Begin PBXNativeTarget section */
		8E64462429372FAA00479C43 /* PhotoApp */ = {
			isa = PBXNativeTarget;
			buildConfigurationList = 8E64464F29372FB500479C43 /* Build configuration list for PBXNativeTarget "PhotoApp" */;
			buildPhases = (
				8E64462129372FAA00479C43 /* Sources */,
				8E64462229372FAA00479C43 /* Frameworks */,
				8E64462329372FAA00479C43 /* Resources */,
			);
			buildRules = (
			);
			dependencies = (
			);
			name = PhotoApp;
			productName = PhotoApp;
			productReference = 8E64462529372FAA00479C43 /* PhotoApp.app */;
			productType = "com.apple.product-type.application";
		};
		8E64463A29372FB400479C43 /* PhotoAppTests */ = {
			isa = PBXNativeTarget;
			buildConfigurationList = 8E64465229372FB500479C43 /* Build configuration list for PBXNativeTarget "PhotoAppTests" */;
			buildPhases = (
				8E64463729372FB400479C43 /* Sources */,
				8E64463829372FB400479C43 /* Frameworks */,
				8E64463929372FB400479C43 /* Resources */,
			);
			buildRules = (
			);
			dependencies = (
				8E64463D29372FB400479C43 /* PBXTargetDependency */,
			);
			name = PhotoAppTests;
			productName = PhotoAppTests;
			productReference = 8E64463B29372FB400479C43 /* PhotoAppTests.xctest */;
			productType = "com.apple.product-type.bundle.unit-test";
		};
		8E64464429372FB500479C43 /* PhotoAppUITests */ = {
			isa = PBXNativeTarget;
			buildConfigurationList = 8E64465529372FB500479C43 /* Build configuration list for PBXNativeTarget "PhotoAppUITests" */;
			buildPhases = (
				8E64464129372FB500479C43 /* Sources */,
				8E64464229372FB500479C43 /* Frameworks */,
				8E64464329372FB500479C43 /* Resources */,
			);
			buildRules = (
			);
			dependencies = (
				8E64464729372FB500479C43 /* PBXTargetDependency */,
			);
			name = PhotoAppUITests;
			productName = PhotoAppUITests;
			productReference = 8E64464529372FB500479C43 /* PhotoAppUITests.xctest */;
			productType = "com.apple.product-type.bundle.ui-testing";
		};
/* End PBXNativeTarget section */

/* Begin PBXProject section */
		8E64461D29372FAA00479C43 /* Project object */ = {
			isa = PBXProject;
			attributes = {
				BuildIndependentTargetsInParallel = 1;
				LastSwiftUpdateCheck = 1310;
				LastUpgradeCheck = 1310;
				TargetAttributes = {
					8E64462429372FAA00479C43 = {
						CreatedOnToolsVersion = 13.1;
					};
					8E64463A29372FB400479C43 = {
						CreatedOnToolsVersion = 13.1;
						LastSwiftMigration = 1310;
						TestTargetID = 8E64462429372FAA00479C43;
					};
					8E64464429372FB500479C43 = {
						CreatedOnToolsVersion = 13.1;
						TestTargetID = 8E64462429372FAA00479C43;
					};
				};
			};
			buildConfigurationList = 8E64462029372FAA00479C43 /* Build configuration list for PBXProject "PhotoApp" */;
			compatibilityVersion = "Xcode 13.0";
			developmentRegion = en;
			hasScannedForEncodings = 0;
			knownRegions = (
				en,
				Base,
				"zh-Hant",
			);
			mainGroup = 8E64461C29372FAA00479C43;
			productRefGroup = 8E64462629372FAA00479C43 /* Products */;
			projectDirPath = "";
			projectRoot = "";
			targets = (
				8E64462429372FAA00479C43 /* PhotoApp */,
				8E64463A29372FB400479C43 /* PhotoAppTests */,
				8E64464429372FB500479C43 /* PhotoAppUITests */,
			);
		};
/* End PBXProject section */

/* Begin PBXResourcesBuildPhase section */
		8E64462329372FAA00479C43 /* Resources */ = {
			isa = PBXResourcesBuildPhase;
			buildActionMask = 2147483647;
			files = (
				8E369C6E2940636700C5F9E8 /* Localizable.strings in Resources */,
				8E105C2F293DC7F800A9B4E2 /* LoginViewController.xib in Resources */,
				8E64463529372FB400479C43 /* LaunchScreen.storyboard in Resources */,
				8E64463229372FB400479C43 /* Assets.xcassets in Resources */,
				8E64463029372FAA00479C43 /* Main.storyboard in Resources */,
			);
			runOnlyForDeploymentPostprocessing = 0;
		};
		8E64463929372FB400479C43 /* Resources */ = {
			isa = PBXResourcesBuildPhase;
			buildActionMask = 2147483647;
			files = (
				8EB5672529407D1900FB2216 /* Localizable.strings in Resources */,
			);
			runOnlyForDeploymentPostprocessing = 0;
		};
		8E64464329372FB500479C43 /* Resources */ = {
			isa = PBXResourcesBuildPhase;
			buildActionMask = 2147483647;
			files = (
				8EB5672429407D1400FB2216 /* Localizable.strings in Resources */,
			);
			runOnlyForDeploymentPostprocessing = 0;
		};
/* End PBXResourcesBuildPhase section */

/* Begin PBXSourcesBuildPhase section */
		8E64462129372FAA00479C43 /* Sources */ = {
			isa = PBXSourcesBuildPhase;
			buildActionMask = 2147483647;
			files = (
				8E105C2C293D93C400A9B4E2 /* SignupPresenterProtocol.swift in Sources */,
				8E8D16F6293C3D5F0085F61B /* SignupPresenter.swift in Sources */,
				8E64462929372FAA00479C43 /* AppDelegate.swift in Sources */,
				8E3DCB87293ED52900C81D7C /* HomePageViewController.swift in Sources */,
				8E5FA9CE2939D25900A11F2C /* SignupResponseModel.swift in Sources */,
				8E4EFE0C2938BF6900E62A96 /* SignupFormModelValidator.swift in Sources */,
				8E5FA9D02939D2BD00A11F2C /* SignupError.swift in Sources */,
				8E8D1706293C7C320085F61B /* SignupViewDelegateProtocol.swift in Sources */,
				8E8D16F4293C3CD00085F61B /* SignupFormModel.swift in Sources */,
				8E4EFE0E2938C50200E62A96 /* SignupConstants.swift in Sources */,
				8EB5672829407EE800FB2216 /* String+Extension.swift in Sources */,
				8E105C28293D88A500A9B4E2 /* SignupViewController.swift in Sources */,
				8E8D16FA293C3EF60085F61B /* SignupModelValidatorProtocol.swift in Sources */,
				8E5FA9CC2939D0CA00A11F2C /* SignupFormRequestModel.swift in Sources */,
				8E105C30293DC7F800A9B4E2 /* LoginViewController.swift in Sources */,
				8E8D1702293C75950085F61B /* SignupWebServiceProtocol.swift in Sources */,
				8E5FA9CA2939D02200A11F2C /* SignupWebService.swift in Sources */,
				8E64462B29372FAA00479C43 /* SceneDelegate.swift in Sources */,
			);
			runOnlyForDeploymentPostprocessing = 0;
		};
		8E64463729372FB400479C43 /* Sources */ = {
			isa = PBXSourcesBuildPhase;
			buildActionMask = 2147483647;
			files = (
				8E8D1700293C74BE0085F61B /* MockSignupWebService.swift in Sources */,
				8EC4DAFC293AE56E001D5C74 /* MockURLProtocol.swift in Sources */,
				8E105C26293D875700A9B4E2 /* SignupViewControllerTests.swift in Sources */,
				8E5FA9C82939CFB700A11F2C /* SingupWebServiceTests.swift in Sources */,
				8E8D16F2293C3C530085F61B /* SignupPresenterTests.swift in Sources */,
				8E105C2A293D931000A9B4E2 /* MockSignupPressenter.swift in Sources */,
				8E8D16F8293C3E4B0085F61B /* MockSignupModelValidator.swift in Sources */,
				8E4EFE0A2938BE8700E62A96 /* SignupFormModelValidatorTests.swift in Sources */,
				8E105C32293DC82D00A9B4E2 /* LoginViewControllerTests.swift in Sources */,
				8E8D1704293C7BB20085F61B /* MockSignupViewDelegate.swift in Sources */,
			);
			runOnlyForDeploymentPostprocessing = 0;
		};
		8E64464129372FB500479C43 /* Sources */ = {
			isa = PBXSourcesBuildPhase;
			buildActionMask = 2147483647;
			files = (
				8E64464A29372FB500479C43 /* SignupFlowUITests.swift in Sources */,
			);
			runOnlyForDeploymentPostprocessing = 0;
		};
/* End PBXSourcesBuildPhase section */

/* Begin PBXTargetDependency section */
		8E64463D29372FB400479C43 /* PBXTargetDependency */ = {
			isa = PBXTargetDependency;
			target = 8E64462429372FAA00479C43 /* PhotoApp */;
			targetProxy = 8E64463C29372FB400479C43 /* PBXContainerItemProxy */;
		};
		8E64464729372FB500479C43 /* PBXTargetDependency */ = {
			isa = PBXTargetDependency;
			target = 8E64462429372FAA00479C43 /* PhotoApp */;
			targetProxy = 8E64464629372FB500479C43 /* PBXContainerItemProxy */;
		};
/* End PBXTargetDependency section */

/* Begin PBXVariantGroup section */
		8E369C702940636700C5F9E8 /* Localizable.strings */ = {
			isa = PBXVariantGroup;
			children = (
				8E369C6F2940636700C5F9E8 /* en */,
				8E369C732940644200C5F9E8 /* zh-Hant */,
			);
			name = Localizable.strings;
			sourceTree = "<group>";
		};
		8E64462E29372FAA00479C43 /* Main.storyboard */ = {
			isa = PBXVariantGroup;
			children = (
				8E64462F29372FAA00479C43 /* Base */,
				8E369C772940722600C5F9E8 /* en */,
				8E369C782940722A00C5F9E8 /* zh-Hant */,
			);
			name = Main.storyboard;
			sourceTree = "<group>";
		};
		8E64463329372FB400479C43 /* LaunchScreen.storyboard */ = {
			isa = PBXVariantGroup;
			children = (
				8E64463429372FB400479C43 /* Base */,
			);
			name = LaunchScreen.storyboard;
			sourceTree = "<group>";
		};
/* End PBXVariantGroup section */

/* Begin XCBuildConfiguration section */
		8E64464D29372FB500479C43 /* Debug */ = {
			isa = XCBuildConfiguration;
			buildSettings = {
				ALWAYS_SEARCH_USER_PATHS = NO;
				CLANG_ANALYZER_LOCALIZABILITY_NONLOCALIZED = YES;
				CLANG_ANALYZER_NONNULL = YES;
				CLANG_ANALYZER_NUMBER_OBJECT_CONVERSION = YES_AGGRESSIVE;
				CLANG_CXX_LANGUAGE_STANDARD = "gnu++17";
				CLANG_CXX_LIBRARY = "libc++";
				CLANG_ENABLE_MODULES = YES;
				CLANG_ENABLE_OBJC_ARC = YES;
				CLANG_ENABLE_OBJC_WEAK = YES;
				CLANG_WARN_BLOCK_CAPTURE_AUTORELEASING = YES;
				CLANG_WARN_BOOL_CONVERSION = YES;
				CLANG_WARN_COMMA = YES;
				CLANG_WARN_CONSTANT_CONVERSION = YES;
				CLANG_WARN_DEPRECATED_OBJC_IMPLEMENTATIONS = YES;
				CLANG_WARN_DIRECT_OBJC_ISA_USAGE = YES_ERROR;
				CLANG_WARN_DOCUMENTATION_COMMENTS = YES;
				CLANG_WARN_EMPTY_BODY = YES;
				CLANG_WARN_ENUM_CONVERSION = YES;
				CLANG_WARN_INFINITE_RECURSION = YES;
				CLANG_WARN_INT_CONVERSION = YES;
				CLANG_WARN_NON_LITERAL_NULL_CONVERSION = YES;
				CLANG_WARN_OBJC_IMPLICIT_RETAIN_SELF = YES;
				CLANG_WARN_OBJC_LITERAL_CONVERSION = YES;
				CLANG_WARN_OBJC_ROOT_CLASS = YES_ERROR;
				CLANG_WARN_QUOTED_INCLUDE_IN_FRAMEWORK_HEADER = YES;
				CLANG_WARN_RANGE_LOOP_ANALYSIS = YES;
				CLANG_WARN_STRICT_PROTOTYPES = YES;
				CLANG_WARN_SUSPICIOUS_MOVE = YES;
				CLANG_WARN_UNGUARDED_AVAILABILITY = YES_AGGRESSIVE;
				CLANG_WARN_UNREACHABLE_CODE = YES;
				CLANG_WARN__DUPLICATE_METHOD_MATCH = YES;
				COPY_PHASE_STRIP = NO;
				DEBUG_INFORMATION_FORMAT = dwarf;
				ENABLE_STRICT_OBJC_MSGSEND = YES;
				ENABLE_TESTABILITY = YES;
				GCC_C_LANGUAGE_STANDARD = gnu11;
				GCC_DYNAMIC_NO_PIC = NO;
				GCC_NO_COMMON_BLOCKS = YES;
				GCC_OPTIMIZATION_LEVEL = 0;
				GCC_PREPROCESSOR_DEFINITIONS = (
					"DEBUG=1",
					"$(inherited)",
				);
				GCC_WARN_64_TO_32_BIT_CONVERSION = YES;
				GCC_WARN_ABOUT_RETURN_TYPE = YES_ERROR;
				GCC_WARN_UNDECLARED_SELECTOR = YES;
				GCC_WARN_UNINITIALIZED_AUTOS = YES_AGGRESSIVE;
				GCC_WARN_UNUSED_FUNCTION = YES;
				GCC_WARN_UNUSED_VARIABLE = YES;
				IPHONEOS_DEPLOYMENT_TARGET = 15.0;
				MTL_ENABLE_DEBUG_INFO = INCLUDE_SOURCE;
				MTL_FAST_MATH = YES;
				ONLY_ACTIVE_ARCH = YES;
				SDKROOT = iphoneos;
				SWIFT_ACTIVE_COMPILATION_CONDITIONS = DEBUG;
				SWIFT_OPTIMIZATION_LEVEL = "-Onone";
			};
			name = Debug;
		};
		8E64464E29372FB500479C43 /* Release */ = {
			isa = XCBuildConfiguration;
			buildSettings = {
				ALWAYS_SEARCH_USER_PATHS = NO;
				CLANG_ANALYZER_LOCALIZABILITY_NONLOCALIZED = YES;
				CLANG_ANALYZER_NONNULL = YES;
				CLANG_ANALYZER_NUMBER_OBJECT_CONVERSION = YES_AGGRESSIVE;
				CLANG_CXX_LANGUAGE_STANDARD = "gnu++17";
				CLANG_CXX_LIBRARY = "libc++";
				CLANG_ENABLE_MODULES = YES;
				CLANG_ENABLE_OBJC_ARC = YES;
				CLANG_ENABLE_OBJC_WEAK = YES;
				CLANG_WARN_BLOCK_CAPTURE_AUTORELEASING = YES;
				CLANG_WARN_BOOL_CONVERSION = YES;
				CLANG_WARN_COMMA = YES;
				CLANG_WARN_CONSTANT_CONVERSION = YES;
				CLANG_WARN_DEPRECATED_OBJC_IMPLEMENTATIONS = YES;
				CLANG_WARN_DIRECT_OBJC_ISA_USAGE = YES_ERROR;
				CLANG_WARN_DOCUMENTATION_COMMENTS = YES;
				CLANG_WARN_EMPTY_BODY = YES;
				CLANG_WARN_ENUM_CONVERSION = YES;
				CLANG_WARN_INFINITE_RECURSION = YES;
				CLANG_WARN_INT_CONVERSION = YES;
				CLANG_WARN_NON_LITERAL_NULL_CONVERSION = YES;
				CLANG_WARN_OBJC_IMPLICIT_RETAIN_SELF = YES;
				CLANG_WARN_OBJC_LITERAL_CONVERSION = YES;
				CLANG_WARN_OBJC_ROOT_CLASS = YES_ERROR;
				CLANG_WARN_QUOTED_INCLUDE_IN_FRAMEWORK_HEADER = YES;
				CLANG_WARN_RANGE_LOOP_ANALYSIS = YES;
				CLANG_WARN_STRICT_PROTOTYPES = YES;
				CLANG_WARN_SUSPICIOUS_MOVE = YES;
				CLANG_WARN_UNGUARDED_AVAILABILITY = YES_AGGRESSIVE;
				CLANG_WARN_UNREACHABLE_CODE = YES;
				CLANG_WARN__DUPLICATE_METHOD_MATCH = YES;
				COPY_PHASE_STRIP = NO;
				DEBUG_INFORMATION_FORMAT = "dwarf-with-dsym";
				ENABLE_NS_ASSERTIONS = NO;
				ENABLE_STRICT_OBJC_MSGSEND = YES;
				GCC_C_LANGUAGE_STANDARD = gnu11;
				GCC_NO_COMMON_BLOCKS = YES;
				GCC_WARN_64_TO_32_BIT_CONVERSION = YES;
				GCC_WARN_ABOUT_RETURN_TYPE = YES_ERROR;
				GCC_WARN_UNDECLARED_SELECTOR = YES;
				GCC_WARN_UNINITIALIZED_AUTOS = YES_AGGRESSIVE;
				GCC_WARN_UNUSED_FUNCTION = YES;
				GCC_WARN_UNUSED_VARIABLE = YES;
				IPHONEOS_DEPLOYMENT_TARGET = 15.0;
				MTL_ENABLE_DEBUG_INFO = NO;
				MTL_FAST_MATH = YES;
				SDKROOT = iphoneos;
				SWIFT_COMPILATION_MODE = wholemodule;
				SWIFT_OPTIMIZATION_LEVEL = "-O";
				VALIDATE_PRODUCT = YES;
			};
			name = Release;
		};
		8E64465029372FB500479C43 /* Debug */ = {
			isa = XCBuildConfiguration;
			buildSettings = {
				ASSETCATALOG_COMPILER_APPICON_NAME = AppIcon;
				ASSETCATALOG_COMPILER_GLOBAL_ACCENT_COLOR_NAME = AccentColor;
				CODE_SIGN_STYLE = Automatic;
				CURRENT_PROJECT_VERSION = 1;
				DEVELOPMENT_TEAM = YQ88N3YLMB;
				GENERATE_INFOPLIST_FILE = YES;
				INFOPLIST_FILE = PhotoApp/Info.plist;
				INFOPLIST_KEY_UIApplicationSupportsIndirectInputEvents = YES;
				INFOPLIST_KEY_UILaunchStoryboardName = LaunchScreen;
				INFOPLIST_KEY_UIMainStoryboardFile = Main;
				INFOPLIST_KEY_UISupportedInterfaceOrientations_iPad = "UIInterfaceOrientationPortrait UIInterfaceOrientationPortraitUpsideDown UIInterfaceOrientationLandscapeLeft UIInterfaceOrientationLandscapeRight";
				INFOPLIST_KEY_UISupportedInterfaceOrientations_iPhone = "UIInterfaceOrientationPortrait UIInterfaceOrientationLandscapeLeft UIInterfaceOrientationLandscapeRight";
				LD_RUNPATH_SEARCH_PATHS = (
					"$(inherited)",
					"@executable_path/Frameworks",
				);
				MARKETING_VERSION = 1.0;
				PRODUCT_BUNDLE_IDENTIFIER = dev.sean.PhotoApp;
				PRODUCT_NAME = "$(TARGET_NAME)";
				SWIFT_EMIT_LOC_STRINGS = YES;
				SWIFT_VERSION = 5.0;
				TARGETED_DEVICE_FAMILY = "1,2";
			};
			name = Debug;
		};
		8E64465129372FB500479C43 /* Release */ = {
			isa = XCBuildConfiguration;
			buildSettings = {
				ASSETCATALOG_COMPILER_APPICON_NAME = AppIcon;
				ASSETCATALOG_COMPILER_GLOBAL_ACCENT_COLOR_NAME = AccentColor;
				CODE_SIGN_STYLE = Automatic;
				CURRENT_PROJECT_VERSION = 1;
				DEVELOPMENT_TEAM = YQ88N3YLMB;
				GENERATE_INFOPLIST_FILE = YES;
				INFOPLIST_FILE = PhotoApp/Info.plist;
				INFOPLIST_KEY_UIApplicationSupportsIndirectInputEvents = YES;
				INFOPLIST_KEY_UILaunchStoryboardName = LaunchScreen;
				INFOPLIST_KEY_UIMainStoryboardFile = Main;
				INFOPLIST_KEY_UISupportedInterfaceOrientations_iPad = "UIInterfaceOrientationPortrait UIInterfaceOrientationPortraitUpsideDown UIInterfaceOrientationLandscapeLeft UIInterfaceOrientationLandscapeRight";
				INFOPLIST_KEY_UISupportedInterfaceOrientations_iPhone = "UIInterfaceOrientationPortrait UIInterfaceOrientationLandscapeLeft UIInterfaceOrientationLandscapeRight";
				LD_RUNPATH_SEARCH_PATHS = (
					"$(inherited)",
					"@executable_path/Frameworks",
				);
				MARKETING_VERSION = 1.0;
				PRODUCT_BUNDLE_IDENTIFIER = dev.sean.PhotoApp;
				PRODUCT_NAME = "$(TARGET_NAME)";
				SWIFT_EMIT_LOC_STRINGS = YES;
				SWIFT_VERSION = 5.0;
				TARGETED_DEVICE_FAMILY = "1,2";
			};
			name = Release;
		};
		8E64465329372FB500479C43 /* Debug */ = {
			isa = XCBuildConfiguration;
			buildSettings = {
				ALWAYS_EMBED_SWIFT_STANDARD_LIBRARIES = YES;
				BUNDLE_LOADER = "$(TEST_HOST)";
				CLANG_ENABLE_MODULES = YES;
				CODE_SIGN_STYLE = Automatic;
				CURRENT_PROJECT_VERSION = 1;
				DEVELOPMENT_TEAM = YQ88N3YLMB;
				GENERATE_INFOPLIST_FILE = YES;
				IPHONEOS_DEPLOYMENT_TARGET = 15.0;
				LD_RUNPATH_SEARCH_PATHS = (
					"$(inherited)",
					"@executable_path/Frameworks",
					"@loader_path/Frameworks",
				);
				MARKETING_VERSION = 1.0;
				PRODUCT_BUNDLE_IDENTIFIER = dev.sean.PhotoAppTests;
				PRODUCT_NAME = "$(TARGET_NAME)";
				SWIFT_EMIT_LOC_STRINGS = NO;
				SWIFT_OPTIMIZATION_LEVEL = "-Onone";
				SWIFT_VERSION = 5.0;
				TARGETED_DEVICE_FAMILY = "1,2";
				TEST_HOST = "$(BUILT_PRODUCTS_DIR)/PhotoApp.app/PhotoApp";
			};
			name = Debug;
		};
		8E64465429372FB500479C43 /* Release */ = {
			isa = XCBuildConfiguration;
			buildSettings = {
				ALWAYS_EMBED_SWIFT_STANDARD_LIBRARIES = YES;
				BUNDLE_LOADER = "$(TEST_HOST)";
				CLANG_ENABLE_MODULES = YES;
				CODE_SIGN_STYLE = Automatic;
				CURRENT_PROJECT_VERSION = 1;
				DEVELOPMENT_TEAM = YQ88N3YLMB;
				GENERATE_INFOPLIST_FILE = YES;
				IPHONEOS_DEPLOYMENT_TARGET = 15.0;
				LD_RUNPATH_SEARCH_PATHS = (
					"$(inherited)",
					"@executable_path/Frameworks",
					"@loader_path/Frameworks",
				);
				MARKETING_VERSION = 1.0;
				PRODUCT_BUNDLE_IDENTIFIER = dev.sean.PhotoAppTests;
				PRODUCT_NAME = "$(TARGET_NAME)";
				SWIFT_EMIT_LOC_STRINGS = NO;
				SWIFT_VERSION = 5.0;
				TARGETED_DEVICE_FAMILY = "1,2";
				TEST_HOST = "$(BUILT_PRODUCTS_DIR)/PhotoApp.app/PhotoApp";
			};
			name = Release;
		};
		8E64465629372FB500479C43 /* Debug */ = {
			isa = XCBuildConfiguration;
			buildSettings = {
				ALWAYS_EMBED_SWIFT_STANDARD_LIBRARIES = YES;
				CODE_SIGN_STYLE = Automatic;
				CURRENT_PROJECT_VERSION = 1;
				DEVELOPMENT_TEAM = YQ88N3YLMB;
				GENERATE_INFOPLIST_FILE = YES;
				LD_RUNPATH_SEARCH_PATHS = (
					"$(inherited)",
					"@executable_path/Frameworks",
					"@loader_path/Frameworks",
				);
				MARKETING_VERSION = 1.0;
				PRODUCT_BUNDLE_IDENTIFIER = dev.sean.PhotoAppUITests;
				PRODUCT_NAME = "$(TARGET_NAME)";
				SWIFT_EMIT_LOC_STRINGS = NO;
				SWIFT_VERSION = 5.0;
				TARGETED_DEVICE_FAMILY = "1,2";
				TEST_TARGET_NAME = PhotoApp;
			};
			name = Debug;
		};
		8E64465729372FB500479C43 /* Release */ = {
			isa = XCBuildConfiguration;
			buildSettings = {
				ALWAYS_EMBED_SWIFT_STANDARD_LIBRARIES = YES;
				CODE_SIGN_STYLE = Automatic;
				CURRENT_PROJECT_VERSION = 1;
				DEVELOPMENT_TEAM = YQ88N3YLMB;
				GENERATE_INFOPLIST_FILE = YES;
				LD_RUNPATH_SEARCH_PATHS = (
					"$(inherited)",
					"@executable_path/Frameworks",
					"@loader_path/Frameworks",
				);
				MARKETING_VERSION = 1.0;
				PRODUCT_BUNDLE_IDENTIFIER = dev.sean.PhotoAppUITests;
				PRODUCT_NAME = "$(TARGET_NAME)";
				SWIFT_EMIT_LOC_STRINGS = NO;
				SWIFT_VERSION = 5.0;
				TARGETED_DEVICE_FAMILY = "1,2";
				TEST_TARGET_NAME = PhotoApp;
			};
			name = Release;
		};
/* End XCBuildConfiguration section */

/* Begin XCConfigurationList section */
		8E64462029372FAA00479C43 /* Build configuration list for PBXProject "PhotoApp" */ = {
			isa = XCConfigurationList;
			buildConfigurations = (
				8E64464D29372FB500479C43 /* Debug */,
				8E64464E29372FB500479C43 /* Release */,
			);
			defaultConfigurationIsVisible = 0;
			defaultConfigurationName = Release;
		};
		8E64464F29372FB500479C43 /* Build configuration list for PBXNativeTarget "PhotoApp" */ = {
			isa = XCConfigurationList;
			buildConfigurations = (
				8E64465029372FB500479C43 /* Debug */,
				8E64465129372FB500479C43 /* Release */,
			);
			defaultConfigurationIsVisible = 0;
			defaultConfigurationName = Release;
		};
		8E64465229372FB500479C43 /* Build configuration list for PBXNativeTarget "PhotoAppTests" */ = {
			isa = XCConfigurationList;
			buildConfigurations = (
				8E64465329372FB500479C43 /* Debug */,
				8E64465429372FB500479C43 /* Release */,
			);
			defaultConfigurationIsVisible = 0;
			defaultConfigurationName = Release;
		};
		8E64465529372FB500479C43 /* Build configuration list for PBXNativeTarget "PhotoAppUITests" */ = {
			isa = XCConfigurationList;
			buildConfigurations = (
				8E64465629372FB500479C43 /* Debug */,
				8E64465729372FB500479C43 /* Release */,
			);
			defaultConfigurationIsVisible = 0;
			defaultConfigurationName = Release;
		};
/* End XCConfigurationList section */
	};
	rootObject = 8E64461D29372FAA00479C43 /* Project object */;
}
